
Microsoft Visual Studio Solution File, Format Version 12.00
# Visual Studio 2015
Project("{FAE04EC0-301F-11D3-BF4B-00C04F79EFBC}") = "Eternal Empire.CSharp.Plugins", "Eternal Empire.CSharp.Plugins.csproj", "{CC946CE5-32CC-A5C4-1AF0-F5A6502944F5}"
EndProject
Project("{FAE04EC0-301F-11D3-BF4B-00C04F79EFBC}") = "Eternal Empire.CSharp", "Eternal Empire.CSharp.csproj", "{98B5E297-4183-05E0-9D88-3EC0BE3ABB36}"
EndProject
Global
	GlobalSection(SolutionConfigurationPlatforms) = preSolution
		Debug|Any CPU = Debug|Any CPU
		Release|Any CPU = Release|Any CPU
	EndGlobalSection
	GlobalSection(ProjectConfigurationPlatforms) = postSolution
		{CC946CE5-32CC-A5C4-1AF0-F5A6502944F5}.Debug|Any CPU.ActiveCfg = Debug|Any CPU
		{CC946CE5-32CC-A5C4-1AF0-F5A6502944F5}.Debug|Any CPU.Build.0 = Debug|Any CPU
		{CC946CE5-32CC-A5C4-1AF0-F5A6502944F5}.Release|Any CPU.ActiveCfg = Release|Any CPU
		{CC946CE5-32CC-A5C4-1AF0-F5A6502944F5}.Release|Any CPU.Build.0 = Release|Any CPU
		{98B5E297-4183-05E0-9D88-3EC0BE3ABB36}.Debug|Any CPU.ActiveCfg = Debug|Any CPU
		{98B5E297-4183-05E0-9D88-3EC0BE3ABB36}.Debug|Any CPU.Build.0 = Debug|Any CPU
		{98B5E297-4183-05E0-9D88-3EC0BE3ABB36}.Release|Any CPU.ActiveCfg = Release|Any CPU
		{98B5E297-4183-05E0-9D88-3EC0BE3ABB36}.Release|Any CPU.Build.0 = Release|Any CPU
	EndGlobalSection
	GlobalSection(SolutionProperties) = preSolution
		HideSolutionNode = FALSE
	EndGlobalSection
EndGlobal
